// !$*UTF8*$!
{
	archiveVersion = 1;
	classes = {
	};
	objectVersion = 50;
	objects = {

/* Begin PBXBuildFile section */
		A7338414217D48B300D4FC0D /* AppDelegate.swift in Sources */ = {isa = PBXBuildFile; fileRef = A7338413217D48B300D4FC0D /* AppDelegate.swift */; };
		A7338416217D48B300D4FC0D /* ViewController.swift in Sources */ = {isa = PBXBuildFile; fileRef = A7338415217D48B300D4FC0D /* ViewController.swift */; };
		A7338419217D48B300D4FC0D /* Main.storyboard in Resources */ = {isa = PBXBuildFile; fileRef = A7338417217D48B300D4FC0D /* Main.storyboard */; };
		A733841B217D48B500D4FC0D /* Assets.xcassets in Resources */ = {isa = PBXBuildFile; fileRef = A733841A217D48B500D4FC0D /* Assets.xcassets */; };
		A733841E217D48B500D4FC0D /* LaunchScreen.storyboard in Resources */ = {isa = PBXBuildFile; fileRef = A733841C217D48B500D4FC0D /* LaunchScreen.storyboard */; };
		A7338429217D48B500D4FC0D /* lifterUITests.swift in Sources */ = {isa = PBXBuildFile; fileRef = A7338428217D48B500D4FC0D /* lifterUITests.swift */; };
/* End PBXBuildFile section */

/* Begin PBXContainerItemProxy section */
		A7338425217D48B500D4FC0D /* PBXContainerItemProxy */ = {
			isa = PBXContainerItemProxy;
			containerPortal = A7338408217D48B300D4FC0D /* Project object */;
			proxyType = 1;
			remoteGlobalIDString = A733840F217D48B300D4FC0D;
			remoteInfo = lifter;
		};
/* End PBXContainerItemProxy section */

/* Begin PBXFileReference section */
		A7338410217D48B300D4FC0D /* lifter.app */ = {isa = PBXFileReference; explicitFileType = wrapper.application; includeInIndex = 0; path = lifter.app; sourceTree = BUILT_PRODUCTS_DIR; };
		A7338413217D48B300D4FC0D /* AppDelegate.swift */ = {isa = PBXFileReference; lastKnownFileType = sourcecode.swift; path = AppDelegate.swift; sourceTree = "<group>"; };
		A7338415217D48B300D4FC0D /* ViewController.swift */ = {isa = PBXFileReference; lastKnownFileType = sourcecode.swift; path = ViewController.swift; sourceTree = "<group>"; };
		A7338418217D48B300D4FC0D /* Base */ = {isa = PBXFileReference; lastKnownFileType = file.storyboard; name = Base; path = Base.lproj/Main.storyboard; sourceTree = "<group>"; };
		A733841A217D48B500D4FC0D /* Assets.xcassets */ = {isa = PBXFileReference; lastKnownFileType = folder.assetcatalog; path = Assets.xcassets; sourceTree = "<group>"; };
		A733841D217D48B500D4FC0D /* Base */ = {isa = PBXFileReference; lastKnownFileType = file.storyboard; name = Base; path = Base.lproj/LaunchScreen.storyboard; sourceTree = "<group>"; };
		A733841F217D48B500D4FC0D /* Info.plist */ = {isa = PBXFileReference; lastKnownFileType = text.plist.xml; path = Info.plist; sourceTree = "<group>"; };
		A7338424217D48B500D4FC0D /* lifterUITests.xctest */ = {isa = PBXFileReference; explicitFileType = wrapper.cfbundle; includeInIndex = 0; path = lifterUITests.xctest; sourceTree = BUILT_PRODUCTS_DIR; };
		A7338428217D48B500D4FC0D /* lifterUITests.swift */ = {isa = PBXFileReference; lastKnownFileType = sourcecode.swift; path = lifterUITests.swift; sourceTree = "<group>"; };
		A733842A217D48B500D4FC0D /* Info.plist */ = {isa = PBXFileReference; lastKnownFileType = text.plist.xml; path = Info.plist; sourceTree = "<group>"; };
/* End PBXFileReference section */

/* Begin PBXFrameworksBuildPhase section */
		A733840D217D48B300D4FC0D /* Frameworks */ = {
			isa = PBXFrameworksBuildPhase;
			buildActionMask = 2147483647;
			files = (
			);
			runOnlyForDeploymentPostprocessing = 0;
		};
		A7338421217D48B500D4FC0D /* Frameworks */ = {
			isa = PBXFrameworksBuildPhase;
			buildActionMask = 2147483647;
			files = (
			);
			runOnlyForDeploymentPostprocessing = 0;
		};
/* End PBXFrameworksBuildPhase section */

/* Begin PBXGroup section */
		A7338407217D48B300D4FC0D = {
			isa = PBXGroup;
			children = (
				A7338412217D48B300D4FC0D /* lifter */,
				A7338427217D48B500D4FC0D /* lifterUITests */,
				A7338411217D48B300D4FC0D /* Products */,
			);
			sourceTree = "<group>";
		};
		A7338411217D48B300D4FC0D /* Products */ = {
			isa = PBXGroup;
			children = (
				A7338410217D48B300D4FC0D /* lifter.app */,
				A7338424217D48B500D4FC0D /* lifterUITests.xctest */,
			);
			name = Products;
			sourceTree = "<group>";
		};
		A7338412217D48B300D4FC0D /* lifter */ = {
			isa = PBXGroup;
			children = (
				A7338413217D48B300D4FC0D /* AppDelegate.swift */,
				A7338415217D48B300D4FC0D /* ViewController.swift */,
				A7338417217D48B300D4FC0D /* Main.storyboard */,
				A733841A217D48B500D4FC0D /* Assets.xcassets */,
				A733841C217D48B500D4FC0D /* LaunchScreen.storyboard */,
				A733841F217D48B500D4FC0D /* Info.plist */,
			);
			path = lifter;
			sourceTree = "<group>";
		};
		A7338427217D48B500D4FC0D /* lifterUITests */ = {
			isa = PBXGroup;
			children = (
				A7338428217D48B500D4FC0D /* lifterUITests.swift */,
				A733842A217D48B500D4FC0D /* Info.plist */,
			);
			path = lifterUITests;
			sourceTree = "<group>";
		};
/* End PBXGroup section */

/* Begin PBXNativeTarget section */
		A733840F217D48B300D4FC0D /* lifter */ = {
			isa = PBXNativeTarget;
			buildConfigurationList = A733842D217D48B500D4FC0D /* Build configuration list for PBXNativeTarget "lifter" */;
			buildPhases = (
				A733840C217D48B300D4FC0D /* Sources */,
				A733840D217D48B300D4FC0D /* Frameworks */,
				A733840E217D48B300D4FC0D /* Resources */,
			);
			buildRules = (
			);
			dependencies = (
			);
			name = lifter;
			productName = lifter;
			productReference = A7338410217D48B300D4FC0D /* lifter.app */;
			productType = "com.apple.product-type.application";
		};
		A7338423217D48B500D4FC0D /* lifterUITests */ = {
			isa = PBXNativeTarget;
			buildConfigurationList = A7338430217D48B500D4FC0D /* Build configuration list for PBXNativeTarget "lifterUITests" */;
			buildPhases = (
				A7338420217D48B500D4FC0D /* Sources */,
				A7338421217D48B500D4FC0D /* Frameworks */,
				A7338422217D48B500D4FC0D /* Resources */,
			);
			buildRules = (
			);
			dependencies = (
				A7338426217D48B500D4FC0D /* PBXTargetDependency */,
			);
			name = lifterUITests;
			productName = lifterUITests;
			productReference = A7338424217D48B500D4FC0D /* lifterUITests.xctest */;
			productType = "com.apple.product-type.bundle.ui-testing";
		};
/* End PBXNativeTarget section */

/* Begin PBXProject section */
		A7338408217D48B300D4FC0D /* Project object */ = {
			isa = PBXProject;
			attributes = {
				LastSwiftUpdateCheck = 1000;
				LastUpgradeCheck = 1000;
				ORGANIZATIONNAME = "EItan Khemlin ";
				TargetAttributes = {
					A733840F217D48B300D4FC0D = {
						CreatedOnToolsVersion = 10.0;
					};
					A7338423217D48B500D4FC0D = {
						CreatedOnToolsVersion = 10.0;
						TestTargetID = A733840F217D48B300D4FC0D;
					};
				};
			};
			buildConfigurationList = A733840B217D48B300D4FC0D /* Build configuration list for PBXProject "lifter" */;
			compatibilityVersion = "Xcode 9.3";
			developmentRegion = en;
			hasScannedForEncodings = 0;
			knownRegions = (
				en,
				Base,
			);
			mainGroup = A7338407217D48B300D4FC0D;
			productRefGroup = A7338411217D48B300D4FC0D /* Products */;
			projectDirPath = "";
			projectRoot = "";
			targets = (
				A733840F217D48B300D4FC0D /* lifter */,
				A7338423217D48B500D4FC0D /* lifterUITests */,
			);
		};
/* End PBXProject section */

/* Begin PBXResourcesBuildPhase section */
		A733840E217D48B300D4FC0D /* Resources */ = {
			isa = PBXResourcesBuildPhase;
			buildActionMask = 2147483647;
			files = (
				A733841E217D48B500D4FC0D /* LaunchScreen.storyboard in Resources */,
				A733841B217D48B500D4FC0D /* Assets.xcassets in Resources */,
				A7338419217D48B300D4FC0D /* Main.storyboard in Resources */,
			);
			runOnlyForDeploymentPostprocessing = 0;
		};
		A7338422217D48B500D4FC0D /* Resources */ = {
			isa = PBXResourcesBuildPhase;
			buildActionMask = 2147483647;
			files = (
			);
			runOnlyForDeploymentPostprocessing = 0;
		};
/* End PBXResourcesBuildPhase section */

/* Begin PBXSourcesBuildPhase section */
		A733840C217D48B300D4FC0D /* Sources */ = {
			isa = PBXSourcesBuildPhase;
			buildActionMask = 2147483647;
			files = (
				A7338416217D48B300D4FC0D /* ViewController.swift in Sources */,
				A7338414217D48B300D4FC0D /* AppDelegate.swift in Sources */,
			);
			runOnlyForDeploymentPostprocessing = 0;
		};
		A7338420217D48B500D4FC0D /* Sources */ = {
			isa = PBXSourcesBuildPhase;
			buildActionMask = 2147483647;
			files = (
				A7338429217D48B500D4FC0D /* lifterUITests.swift in Sources */,
			);
			runOnlyForDeploymentPostprocessing = 0;
		};
/* End PBXSourcesBuildPhase section */

/* Begin PBXTargetDependency section */
		A7338426217D48B500D4FC0D /* PBXTargetDependency */ = {
			isa = PBXTargetDependency;
			target = A733840F217D48B300D4FC0D /* lifter */;
			targetProxy = A7338425217D48B500D4FC0D /* PBXContainerItemProxy */;
		};
/* End PBXTargetDependency section */

/* Begin PBXVariantGroup section */
		A7338417217D48B300D4FC0D /* Main.storyboard */ = {
			isa = PBXVariantGroup;
			children = (
				A7338418217D48B300D4FC0D /* Base */,
			);
			name = Main.storyboard;
			sourceTree = "<group>";
		};
		A733841C217D48B500D4FC0D /* LaunchScreen.storyboard */ = {
			isa = PBXVariantGroup;
			children = (
				A733841D217D48B500D4FC0D /* Base */,
			);
			name = LaunchScreen.storyboard;
			sourceTree = "<group>";
		};
/* End PBXVariantGroup section */

/* Begin XCBuildConfiguration section */
		A733842B217D48B500D4FC0D /* Debug */ = {
			isa = XCBuildConfiguration;
			buildSettings = {
				ALWAYS_SEARCH_USER_PATHS = NO;
				CLANG_ANALYZER_NONNULL = YES;
				CLANG_ANALYZER_NUMBER_OBJECT_CONVERSION = YES_AGGRESSIVE;
				CLANG_CXX_LANGUAGE_STANDARD = "gnu++14";
				CLANG_CXX_LIBRARY = "libc++";
				CLANG_ENABLE_MODULES = YES;
				CLANG_ENABLE_OBJC_ARC = YES;
				CLANG_ENABLE_OBJC_WEAK = YES;
				CLANG_WARN_BLOCK_CAPTURE_AUTORELEASING = YES;
				CLANG_WARN_BOOL_CONVERSION = YES;
				CLANG_WARN_COMMA = YES;
				CLANG_WARN_CONSTANT_CONVERSION = YES;
				CLANG_WARN_DEPRECATED_OBJC_IMPLEMENTATIONS = YES;
				CLANG_WARN_DIRECT_OBJC_ISA_USAGE = YES_ERROR;
				CLANG_WARN_DOCUMENTATION_COMMENTS = YES;
				CLANG_WARN_EMPTY_BODY = YES;
				CLANG_WARN_ENUM_CONVERSION = YES;
				CLANG_WARN_INFINITE_RECURSION = YES;
				CLANG_WARN_INT_CONVERSION = YES;
				CLANG_WARN_NON_LITERAL_NULL_CONVERSION = YES;
				CLANG_WARN_OBJC_IMPLICIT_RETAIN_SELF = YES;
				CLANG_WARN_OBJC_LITERAL_CONVERSION = YES;
				CLANG_WARN_OBJC_ROOT_CLASS = YES_ERROR;
				CLANG_WARN_RANGE_LOOP_ANALYSIS = YES;
				CLANG_WARN_STRICT_PROTOTYPES = YES;
				CLANG_WARN_SUSPICIOUS_MOVE = YES;
				CLANG_WARN_UNGUARDED_AVAILABILITY = YES_AGGRESSIVE;
				CLANG_WARN_UNREACHABLE_CODE = YES;
				CLANG_WARN__DUPLICATE_METHOD_MATCH = YES;
				CODE_SIGN_IDENTITY = "iPhone Developer";
				COPY_PHASE_STRIP = NO;
				DEBUG_INFORMATION_FORMAT = dwarf;
				ENABLE_STRICT_OBJC_MSGSEND = YES;
				ENABLE_TESTABILITY = YES;
				GCC_C_LANGUAGE_STANDARD = gnu11;
				GCC_DYNAMIC_NO_PIC = NO;
				GCC_NO_COMMON_BLOCKS = YES;
				GCC_OPTIMIZATION_LEVEL = 0;
				GCC_PREPROCESSOR_DEFINITIONS = (
					"DEBUG=1",
					"$(inherited)",
				);
				GCC_WARN_64_TO_32_BIT_CONVERSION = YES;
				GCC_WARN_ABOUT_RETURN_TYPE = YES_ERROR;
				GCC_WARN_UNDECLARED_SELECTOR = YES;
				GCC_WARN_UNINITIALIZED_AUTOS = YES_AGGRESSIVE;
				GCC_WARN_UNUSED_FUNCTION = YES;
				GCC_WARN_UNUSED_VARIABLE = YES;
				IPHONEOS_DEPLOYMENT_TARGET = 12.0;
				MTL_ENABLE_DEBUG_INFO = INCLUDE_SOURCE;
				MTL_FAST_MATH = YES;
				ONLY_ACTIVE_ARCH = YES;
				SDKROOT = iphoneos;
				SWIFT_ACTIVE_COMPILATION_CONDITIONS = DEBUG;
				SWIFT_OPTIMIZATION_LEVEL = "-Onone";
			};
			name = Debug;
		};
		A733842C217D48B500D4FC0D /* Release */ = {
			isa = XCBuildConfiguration;
			buildSettings = {
				ALWAYS_SEARCH_USER_PATHS = NO;
				CLANG_ANALYZER_NONNULL = YES;
				CLANG_ANALYZER_NUMBER_OBJECT_CONVERSION = YES_AGGRESSIVE;
				CLANG_CXX_LANGUAGE_STANDARD = "gnu++14";
				CLANG_CXX_LIBRARY = "libc++";
				CLANG_ENABLE_MODULES = YES;
				CLANG_ENABLE_OBJC_ARC = YES;
				CLANG_ENABLE_OBJC_WEAK = YES;
				CLANG_WARN_BLOCK_CAPTURE_AUTORELEASING = YES;
				CLANG_WARN_BOOL_CONVERSION = YES;
				CLANG_WARN_COMMA = YES;
				CLANG_WARN_CONSTANT_CONVERSION = YES;
				CLANG_WARN_DEPRECATED_OBJC_IMPLEMENTATIONS = YES;
				CLANG_WARN_DIRECT_OBJC_ISA_USAGE = YES_ERROR;
				CLANG_WARN_DOCUMENTATION_COMMENTS = YES;
				CLANG_WARN_EMPTY_BODY = YES;
				CLANG_WARN_ENUM_CONVERSION = YES;
				CLANG_WARN_INFINITE_RECURSION = YES;
				CLANG_WARN_INT_CONVERSION = YES;
				CLANG_WARN_NON_LITERAL_NULL_CONVERSION = YES;
				CLANG_WARN_OBJC_IMPLICIT_RETAIN_SELF = YES;
				CLANG_WARN_OBJC_LITERAL_CONVERSION = YES;
				CLANG_WARN_OBJC_ROOT_CLASS = YES_ERROR;
				CLANG_WARN_RANGE_LOOP_ANALYSIS = YES;
				CLANG_WARN_STRICT_PROTOTYPES = YES;
				CLANG_WARN_SUSPICIOUS_MOVE = YES;
				CLANG_WARN_UNGUARDED_AVAILABILITY = YES_AGGRESSIVE;
				CLANG_WARN_UNREACHABLE_CODE = YES;
				CLANG_WARN__DUPLICATE_METHOD_MATCH = YES;
				CODE_SIGN_IDENTITY = "iPhone Developer";
				COPY_PHASE_STRIP = NO;
				DEBUG_INFORMATION_FORMAT = "dwarf-with-dsym";
				ENABLE_NS_ASSERTIONS = NO;
				ENABLE_STRICT_OBJC_MSGSEND = YES;
				GCC_C_LANGUAGE_STANDARD = gnu11;
				GCC_NO_COMMON_BLOCKS = YES;
				GCC_WARN_64_TO_32_BIT_CONVERSION = YES;
				GCC_WARN_ABOUT_RETURN_TYPE = YES_ERROR;
				GCC_WARN_UNDECLARED_SELECTOR = YES;
				GCC_WARN_UNINITIALIZED_AUTOS = YES_AGGRESSIVE;
				GCC_WARN_UNUSED_FUNCTION = YES;
				GCC_WARN_UNUSED_VARIABLE = YES;
				IPHONEOS_DEPLOYMENT_TARGET = 12.0;
				MTL_ENABLE_DEBUG_INFO = NO;
				MTL_FAST_MATH = YES;
				SDKROOT = iphoneos;
				SWIFT_COMPILATION_MODE = wholemodule;
				SWIFT_OPTIMIZATION_LEVEL = "-O";
				VALIDATE_PRODUCT = YES;
			};
			name = Release;
		};
		A733842E217D48B500D4FC0D /* Debug */ = {
			isa = XCBuildConfiguration;
			buildSettings = {
				ASSETCATALOG_COMPILER_APPICON_NAME = AppIcon;
				CODE_SIGN_STYLE = Automatic;
				DEVELOPMENT_TEAM = 6LJ5J5L465;
				INFOPLIST_FILE = lifter/Info.plist;
				LD_RUNPATH_SEARCH_PATHS = (
					"$(inherited)",
					"@executable_path/Frameworks",
				);
				PRODUCT_BUNDLE_IDENTIFIER = eitan.lifter;
				PRODUCT_NAME = "$(TARGET_NAME)";
				SWIFT_VERSION = 4.2;
				TARGETED_DEVICE_FAMILY = "1,2";
			};
			name = Debug;
		};
		A733842F217D48B500D4FC0D /* Release */ = {
			isa = XCBuildConfiguration;
			buildSettings = {
				ASSETCATALOG_COMPILER_APPICON_NAME = AppIcon;
				CODE_SIGN_STYLE = Automatic;
				DEVELOPMENT_TEAM = 6LJ5J5L465;
				INFOPLIST_FILE = lifter/Info.plist;
				LD_RUNPATH_SEARCH_PATHS = (
					"$(inherited)",
					"@executable_path/Frameworks",
				);
				PRODUCT_BUNDLE_IDENTIFIER = eitan.lifter;
				PRODUCT_NAME = "$(TARGET_NAME)";
				SWIFT_VERSION = 4.2;
				TARGETED_DEVICE_FAMILY = "1,2";
			};
			name = Release;
		};
		A7338431217D48B500D4FC0D /* Debug */ = {
			isa = XCBuildConfiguration;
			buildSettings = {
				ALWAYS_EMBED_SWIFT_STANDARD_LIBRARIES = YES;
				CODE_SIGN_STYLE = Automatic;
				DEVELOPMENT_TEAM = 6LJ5J5L465;
				INFOPLIST_FILE = lifterUITests/Info.plist;
				LD_RUNPATH_SEARCH_PATHS = (
					"$(inherited)",
					"@executable_path/Frameworks",
					"@loader_path/Frameworks",
				);
				PRODUCT_BUNDLE_IDENTIFIER = eitan.lifterUITests;
				PRODUCT_NAME = "$(TARGET_NAME)";
				SWIFT_VERSION = 4.2;
				TARGETED_DEVICE_FAMILY = "1,2";
				TEST_TARGET_NAME = lifter;
			};
			name = Debug;
		};
		A7338432217D48B500D4FC0D /* Release */ = {
			isa = XCBuildConfiguration;
			buildSettings = {
				ALWAYS_EMBED_SWIFT_STANDARD_LIBRARIES = YES;
				CODE_SIGN_STYLE = Automatic;
				DEVELOPMENT_TEAM = 6LJ5J5L465;
				INFOPLIST_FILE = lifterUITests/Info.plist;
				LD_RUNPATH_SEARCH_PATHS = (
					"$(inherited)",
					"@executable_path/Frameworks",
					"@loader_path/Frameworks",
				);
				PRODUCT_BUNDLE_IDENTIFIER = eitan.lifterUITests;
				PRODUCT_NAME = "$(TARGET_NAME)";
				SWIFT_VERSION = 4.2;
				TARGETED_DEVICE_FAMILY = "1,2";
				TEST_TARGET_NAME = lifter;
			};
			name = Release;
		};
/* End XCBuildConfiguration section */

/* Begin XCConfigurationList section */
		A733840B217D48B300D4FC0D /* Build configuration list for PBXProject "lifter" */ = {
			isa = XCConfigurationList;
			buildConfigurations = (
				A733842B217D48B500D4FC0D /* Debug */,
				A733842C217D48B500D4FC0D /* Release */,
			);
			defaultConfigurationIsVisible = 0;
			defaultConfigurationName = Release;
		};
		A733842D217D48B500D4FC0D /* Build configuration list for PBXNativeTarget "lifter" */ = {
			isa = XCConfigurationList;
			buildConfigurations = (
				A733842E217D48B500D4FC0D /* Debug */,
				A733842F217D48B500D4FC0D /* Release */,
			);
			defaultConfigurationIsVisible = 0;
			defaultConfigurationName = Release;
		};
		A7338430217D48B500D4FC0D /* Build configuration list for PBXNativeTarget "lifterUITests" */ = {
			isa = XCConfigurationList;
			buildConfigurations = (
				A7338431217D48B500D4FC0D /* Debug */,
				A7338432217D48B500D4FC0D /* Release */,
			);
			defaultConfigurationIsVisible = 0;
			defaultConfigurationName = Release;
		};
/* End XCConfigurationList section */
	};
	rootObject = A7338408217D48B300D4FC0D /* Project object */;
}
