// !$*UTF8*$!
{
	archiveVersion = 1;
	classes = {
	};
	objectVersion = 51;
	objects = {

/* Begin PBXBuildFile section */
		7F50A165D5433B83DC4D74DC /* Pods_lifter.framework in Frameworks */ = {isa = PBXBuildFile; fileRef = 7A8297DFE1CE419F3EE9C57C /* Pods_lifter.framework */; };
		A71AAB62217D51E600BE8E06 /* NewExerciseViewController.swift in Sources */ = {isa = PBXBuildFile; fileRef = A71AAB61217D51E600BE8E06 /* NewExerciseViewController.swift */; };
		A71AAB64217D582C00BE8E06 /* ExerciseViewController.swift in Sources */ = {isa = PBXBuildFile; fileRef = A71AAB63217D582C00BE8E06 /* ExerciseViewController.swift */; };
		A71AAB662184C7A000BE8E06 /* setTableViewCell.swift in Sources */ = {isa = PBXBuildFile; fileRef = A71AAB652184C7A000BE8E06 /* setTableViewCell.swift */; };
		A7338414217D48B300D4FC0D /* AppDelegate.swift in Sources */ = {isa = PBXBuildFile; fileRef = A7338413217D48B300D4FC0D /* AppDelegate.swift */; };
		A7338416217D48B300D4FC0D /* ListExercisesViewController.swift in Sources */ = {isa = PBXBuildFile; fileRef = A7338415217D48B300D4FC0D /* ListExercisesViewController.swift */; };
		A7338419217D48B300D4FC0D /* Main.storyboard in Resources */ = {isa = PBXBuildFile; fileRef = A7338417217D48B300D4FC0D /* Main.storyboard */; };
		A733841B217D48B500D4FC0D /* Assets.xcassets in Resources */ = {isa = PBXBuildFile; fileRef = A733841A217D48B500D4FC0D /* Assets.xcassets */; };
		A733841E217D48B500D4FC0D /* LaunchScreen.storyboard in Resources */ = {isa = PBXBuildFile; fileRef = A733841C217D48B500D4FC0D /* LaunchScreen.storyboard */; };
		A7338429217D48B500D4FC0D /* lifterUITests.swift in Sources */ = {isa = PBXBuildFile; fileRef = A7338428217D48B500D4FC0D /* lifterUITests.swift */; };
		A733843D217D48FF00D4FC0D /* classes.swift in Sources */ = {isa = PBXBuildFile; fileRef = A733843C217D48FF00D4FC0D /* classes.swift */; };
		A733843F217D4A5200D4FC0D /* ExerciseTableViewCell.swift in Sources */ = {isa = PBXBuildFile; fileRef = A733843E217D4A5200D4FC0D /* ExerciseTableViewCell.swift */; };
		A7500C05234264EE0084C17C /* ExerciseHistoryTableViewCell.swift in Sources */ = {isa = PBXBuildFile; fileRef = A7500C04234264EE0084C17C /* ExerciseHistoryTableViewCell.swift */; };
		A7D21C8A21E3E9F8008FED63 /* progressPredictor.mlmodel in Sources */ = {isa = PBXBuildFile; fileRef = A7D21C8921E3E9F8008FED63 /* progressPredictor.mlmodel */; };
		A7FB399621C712550024314F /* HistoryViewController.swift in Sources */ = {isa = PBXBuildFile; fileRef = A7FB399521C712550024314F /* HistoryViewController.swift */; };
		C2C2AC1653CD0DD2B46D2294 /* Pods_lifterUITests.framework in Frameworks */ = {isa = PBXBuildFile; fileRef = C249F71EA13F87BF21F64821 /* Pods_lifterUITests.framework */; };
/* End PBXBuildFile section */

/* Begin PBXContainerItemProxy section */
		A7338425217D48B500D4FC0D /* PBXContainerItemProxy */ = {
			isa = PBXContainerItemProxy;
			containerPortal = A7338408217D48B300D4FC0D /* Project object */;
			proxyType = 1;
			remoteGlobalIDString = A733840F217D48B300D4FC0D;
			remoteInfo = lifter;
		};
/* End PBXContainerItemProxy section */

/* Begin PBXFileReference section */
		5AAB15946999EFAEA0F16FD6 /* Pods-lifterUITests.debug.xcconfig */ = {isa = PBXFileReference; includeInIndex = 1; lastKnownFileType = text.xcconfig; name = "Pods-lifterUITests.debug.xcconfig"; path = "Pods/Target Support Files/Pods-lifterUITests/Pods-lifterUITests.debug.xcconfig"; sourceTree = "<group>"; };
		7A8297DFE1CE419F3EE9C57C /* Pods_lifter.framework */ = {isa = PBXFileReference; explicitFileType = wrapper.framework; includeInIndex = 0; path = Pods_lifter.framework; sourceTree = BUILT_PRODUCTS_DIR; };
		A71AAB61217D51E600BE8E06 /* NewExerciseViewController.swift */ = {isa = PBXFileReference; lastKnownFileType = sourcecode.swift; path = NewExerciseViewController.swift; sourceTree = "<group>"; };
		A71AAB63217D582C00BE8E06 /* ExerciseViewController.swift */ = {isa = PBXFileReference; lastKnownFileType = sourcecode.swift; path = ExerciseViewController.swift; sourceTree = "<group>"; };
		A71AAB652184C7A000BE8E06 /* setTableViewCell.swift */ = {isa = PBXFileReference; lastKnownFileType = sourcecode.swift; path = setTableViewCell.swift; sourceTree = "<group>"; };
		A7338410217D48B300D4FC0D /* lifter.app */ = {isa = PBXFileReference; explicitFileType = wrapper.application; includeInIndex = 0; path = lifter.app; sourceTree = BUILT_PRODUCTS_DIR; };
		A7338413217D48B300D4FC0D /* AppDelegate.swift */ = {isa = PBXFileReference; lastKnownFileType = sourcecode.swift; path = AppDelegate.swift; sourceTree = "<group>"; };
		A7338415217D48B300D4FC0D /* ListExercisesViewController.swift */ = {isa = PBXFileReference; lastKnownFileType = sourcecode.swift; path = ListExercisesViewController.swift; sourceTree = "<group>"; };
		A7338418217D48B300D4FC0D /* Base */ = {isa = PBXFileReference; lastKnownFileType = file.storyboard; name = Base; path = Base.lproj/Main.storyboard; sourceTree = "<group>"; };
		A733841A217D48B500D4FC0D /* Assets.xcassets */ = {isa = PBXFileReference; lastKnownFileType = folder.assetcatalog; path = Assets.xcassets; sourceTree = "<group>"; };
		A733841D217D48B500D4FC0D /* Base */ = {isa = PBXFileReference; lastKnownFileType = file.storyboard; name = Base; path = Base.lproj/LaunchScreen.storyboard; sourceTree = "<group>"; };
		A733841F217D48B500D4FC0D /* Info.plist */ = {isa = PBXFileReference; lastKnownFileType = text.plist.xml; path = Info.plist; sourceTree = "<group>"; };
		A7338424217D48B500D4FC0D /* lifterUITests.xctest */ = {isa = PBXFileReference; explicitFileType = wrapper.cfbundle; includeInIndex = 0; path = lifterUITests.xctest; sourceTree = BUILT_PRODUCTS_DIR; };
		A7338428217D48B500D4FC0D /* lifterUITests.swift */ = {isa = PBXFileReference; lastKnownFileType = sourcecode.swift; path = lifterUITests.swift; sourceTree = "<group>"; };
		A733842A217D48B500D4FC0D /* Info.plist */ = {isa = PBXFileReference; lastKnownFileType = text.plist.xml; path = Info.plist; sourceTree = "<group>"; };
		A733843C217D48FF00D4FC0D /* classes.swift */ = {isa = PBXFileReference; lastKnownFileType = sourcecode.swift; path = classes.swift; sourceTree = "<group>"; };
		A733843E217D4A5200D4FC0D /* ExerciseTableViewCell.swift */ = {isa = PBXFileReference; lastKnownFileType = sourcecode.swift; path = ExerciseTableViewCell.swift; sourceTree = "<group>"; };
		A7500C012341B3B40084C17C /* SwiftCharts.framework */ = {isa = PBXFileReference; explicitFileType = wrapper.framework; path = SwiftCharts.framework; sourceTree = BUILT_PRODUCTS_DIR; };
		A7500C04234264EE0084C17C /* ExerciseHistoryTableViewCell.swift */ = {isa = PBXFileReference; lastKnownFileType = sourcecode.swift; path = ExerciseHistoryTableViewCell.swift; sourceTree = "<group>"; };
		A7D21C8921E3E9F8008FED63 /* progressPredictor.mlmodel */ = {isa = PBXFileReference; lastKnownFileType = file.mlmodel; path = progressPredictor.mlmodel; sourceTree = "<group>"; };
		A7FB399521C712550024314F /* HistoryViewController.swift */ = {isa = PBXFileReference; lastKnownFileType = sourcecode.swift; path = HistoryViewController.swift; sourceTree = "<group>"; };
		A7FB399721C716330024314F /* Charts.framework */ = {isa = PBXFileReference; explicitFileType = wrapper.framework; path = Charts.framework; sourceTree = BUILT_PRODUCTS_DIR; };
		A7FB399921C716390024314F /* ChartsRealm.framework */ = {isa = PBXFileReference; explicitFileType = wrapper.framework; path = ChartsRealm.framework; sourceTree = BUILT_PRODUCTS_DIR; };
		A7FB399B21C74E9E0024314F /* SwiftChart.framework */ = {isa = PBXFileReference; explicitFileType = wrapper.framework; path = SwiftChart.framework; sourceTree = BUILT_PRODUCTS_DIR; };
		C249F71EA13F87BF21F64821 /* Pods_lifterUITests.framework */ = {isa = PBXFileReference; explicitFileType = wrapper.framework; includeInIndex = 0; path = Pods_lifterUITests.framework; sourceTree = BUILT_PRODUCTS_DIR; };
		C76510813BF9F89A7165ECED /* Pods-lifter.release.xcconfig */ = {isa = PBXFileReference; includeInIndex = 1; lastKnownFileType = text.xcconfig; name = "Pods-lifter.release.xcconfig"; path = "Pods/Target Support Files/Pods-lifter/Pods-lifter.release.xcconfig"; sourceTree = "<group>"; };
		D5FA84F3EF402BF7DB07586D /* Pods-lifterUITests.release.xcconfig */ = {isa = PBXFileReference; includeInIndex = 1; lastKnownFileType = text.xcconfig; name = "Pods-lifterUITests.release.xcconfig"; path = "Pods/Target Support Files/Pods-lifterUITests/Pods-lifterUITests.release.xcconfig"; sourceTree = "<group>"; };
		F0E63FA3A7FE5E1CE704A96D /* Pods-lifter.debug.xcconfig */ = {isa = PBXFileReference; includeInIndex = 1; lastKnownFileType = text.xcconfig; name = "Pods-lifter.debug.xcconfig"; path = "Pods/Target Support Files/Pods-lifter/Pods-lifter.debug.xcconfig"; sourceTree = "<group>"; };
/* End PBXFileReference section */

/* Begin PBXFrameworksBuildPhase section */
		A733840D217D48B300D4FC0D /* Frameworks */ = {
			isa = PBXFrameworksBuildPhase;
			buildActionMask = 2147483647;
			files = (
				7F50A165D5433B83DC4D74DC /* Pods_lifter.framework in Frameworks */,
			);
			runOnlyForDeploymentPostprocessing = 0;
		};
		A7338421217D48B500D4FC0D /* Frameworks */ = {
			isa = PBXFrameworksBuildPhase;
			buildActionMask = 2147483647;
			files = (
				C2C2AC1653CD0DD2B46D2294 /* Pods_lifterUITests.framework in Frameworks */,
			);
			runOnlyForDeploymentPostprocessing = 0;
		};
/* End PBXFrameworksBuildPhase section */

/* Begin PBXGroup section */
		43C00E8D98E42F3026F02E09 /* Frameworks */ = {
			isa = PBXGroup;
			children = (
				A7500C012341B3B40084C17C /* SwiftCharts.framework */,
				A7FB399B21C74E9E0024314F /* SwiftChart.framework */,
				A7FB399921C716390024314F /* ChartsRealm.framework */,
				A7FB399721C716330024314F /* Charts.framework */,
				7A8297DFE1CE419F3EE9C57C /* Pods_lifter.framework */,
				C249F71EA13F87BF21F64821 /* Pods_lifterUITests.framework */,
			);
			name = Frameworks;
			sourceTree = "<group>";
		};
		69E382CCEF158A95A30CD026 /* Pods */ = {
			isa = PBXGroup;
			children = (
				F0E63FA3A7FE5E1CE704A96D /* Pods-lifter.debug.xcconfig */,
				C76510813BF9F89A7165ECED /* Pods-lifter.release.xcconfig */,
				5AAB15946999EFAEA0F16FD6 /* Pods-lifterUITests.debug.xcconfig */,
				D5FA84F3EF402BF7DB07586D /* Pods-lifterUITests.release.xcconfig */,
			);
			name = Pods;
			sourceTree = "<group>";
		};
		A7338407217D48B300D4FC0D = {
			isa = PBXGroup;
			children = (
				A733843C217D48FF00D4FC0D /* classes.swift */,
				A7338412217D48B300D4FC0D /* lifter */,
				A7338427217D48B500D4FC0D /* lifterUITests */,
				A7338411217D48B300D4FC0D /* Products */,
				69E382CCEF158A95A30CD026 /* Pods */,
				43C00E8D98E42F3026F02E09 /* Frameworks */,
			);
			sourceTree = "<group>";
		};
		A7338411217D48B300D4FC0D /* Products */ = {
			isa = PBXGroup;
			children = (
				A7338410217D48B300D4FC0D /* lifter.app */,
				A7338424217D48B500D4FC0D /* lifterUITests.xctest */,
			);
			name = Products;
			sourceTree = "<group>";
		};
		A7338412217D48B300D4FC0D /* lifter */ = {
			isa = PBXGroup;
			children = (
				A7338415217D48B300D4FC0D /* ListExercisesViewController.swift */,
				A71AAB63217D582C00BE8E06 /* ExerciseViewController.swift */,
				A71AAB61217D51E600BE8E06 /* NewExerciseViewController.swift */,
				A7FB399521C712550024314F /* HistoryViewController.swift */,
				A7338413217D48B300D4FC0D /* AppDelegate.swift */,
				A733843E217D4A5200D4FC0D /* ExerciseTableViewCell.swift */,
				A71AAB652184C7A000BE8E06 /* setTableViewCell.swift */,
				A7500C04234264EE0084C17C /* ExerciseHistoryTableViewCell.swift */,
				A7338417217D48B300D4FC0D /* Main.storyboard */,
				A733841C217D48B500D4FC0D /* LaunchScreen.storyboard */,
				A733841F217D48B500D4FC0D /* Info.plist */,
				A7D21C8921E3E9F8008FED63 /* progressPredictor.mlmodel */,
				A733841A217D48B500D4FC0D /* Assets.xcassets */,
			);
			path = lifter;
			sourceTree = "<group>";
		};
		A7338427217D48B500D4FC0D /* lifterUITests */ = {
			isa = PBXGroup;
			children = (
				A7338428217D48B500D4FC0D /* lifterUITests.swift */,
				A733842A217D48B500D4FC0D /* Info.plist */,
			);
			path = lifterUITests;
			sourceTree = "<group>";
		};
/* End PBXGroup section */

/* Begin PBXNativeTarget section */
		A733840F217D48B300D4FC0D /* lifter */ = {
			isa = PBXNativeTarget;
			buildConfigurationList = A733842D217D48B500D4FC0D /* Build configuration list for PBXNativeTarget "lifter" */;
			buildPhases = (
				4A59DF6ACB078BE145AA7EF2 /* [CP] Check Pods Manifest.lock */,
				A733840C217D48B300D4FC0D /* Sources */,
				A733840D217D48B300D4FC0D /* Frameworks */,
				A733840E217D48B300D4FC0D /* Resources */,
				AF1E67DCFC086B610FC13331 /* [CP] Embed Pods Frameworks */,
			);
			buildRules = (
			);
			dependencies = (
			);
			name = lifter;
			productName = lifter;
			productReference = A7338410217D48B300D4FC0D /* lifter.app */;
			productType = "com.apple.product-type.application";
		};
		A7338423217D48B500D4FC0D /* lifterUITests */ = {
			isa = PBXNativeTarget;
			buildConfigurationList = A7338430217D48B500D4FC0D /* Build configuration list for PBXNativeTarget "lifterUITests" */;
			buildPhases = (
				C3AC62DDA9558D7D7D6D0F69 /* [CP] Check Pods Manifest.lock */,
				A7338420217D48B500D4FC0D /* Sources */,
				A7338421217D48B500D4FC0D /* Frameworks */,
				A7338422217D48B500D4FC0D /* Resources */,
			);
			buildRules = (
			);
			dependencies = (
				A7338426217D48B500D4FC0D /* PBXTargetDependency */,
			);
			name = lifterUITests;
			productName = lifterUITests;
			productReference = A7338424217D48B500D4FC0D /* lifterUITests.xctest */;
			productType = "com.apple.product-type.bundle.ui-testing";
		};
/* End PBXNativeTarget section */

/* Begin PBXProject section */
		A7338408217D48B300D4FC0D /* Project object */ = {
			isa = PBXProject;
			attributes = {
				LastSwiftUpdateCheck = 1000;
				LastUpgradeCheck = 1010;
				ORGANIZATIONNAME = "EItan Khemlin ";
				TargetAttributes = {
					A733840F217D48B300D4FC0D = {
						CreatedOnToolsVersion = 10.0;
					};
					A7338423217D48B500D4FC0D = {
						CreatedOnToolsVersion = 10.0;
						TestTargetID = A733840F217D48B300D4FC0D;
					};
				};
			};
			buildConfigurationList = A733840B217D48B300D4FC0D /* Build configuration list for PBXProject "lifter" */;
			compatibilityVersion = "Xcode 9.3";
			developmentRegion = en;
			hasScannedForEncodings = 0;
			knownRegions = (
				en,
				Base,
			);
			mainGroup = A7338407217D48B300D4FC0D;
			productRefGroup = A7338411217D48B300D4FC0D /* Products */;
			projectDirPath = "";
			projectRoot = "";
			targets = (
				A733840F217D48B300D4FC0D /* lifter */,
				A7338423217D48B500D4FC0D /* lifterUITests */,
			);
		};
/* End PBXProject section */

/* Begin PBXResourcesBuildPhase section */
		A733840E217D48B300D4FC0D /* Resources */ = {
			isa = PBXResourcesBuildPhase;
			buildActionMask = 2147483647;
			files = (
				A733841E217D48B500D4FC0D /* LaunchScreen.storyboard in Resources */,
				A733841B217D48B500D4FC0D /* Assets.xcassets in Resources */,
				A7338419217D48B300D4FC0D /* Main.storyboard in Resources */,
			);
			runOnlyForDeploymentPostprocessing = 0;
		};
		A7338422217D48B500D4FC0D /* Resources */ = {
			isa = PBXResourcesBuildPhase;
			buildActionMask = 2147483647;
			files = (
			);
			runOnlyForDeploymentPostprocessing = 0;
		};
/* End PBXResourcesBuildPhase section */

/* Begin PBXShellScriptBuildPhase section */
		4A59DF6ACB078BE145AA7EF2 /* [CP] Check Pods Manifest.lock */ = {
			isa = PBXShellScriptBuildPhase;
			buildActionMask = 2147483647;
			files = (
			);
			inputFileListPaths = (
			);
			inputPaths = (
				"${PODS_PODFILE_DIR_PATH}/Podfile.lock",
				"${PODS_ROOT}/Manifest.lock",
			);
			name = "[CP] Check Pods Manifest.lock";
			outputFileListPaths = (
			);
			outputPaths = (
				"$(DERIVED_FILE_DIR)/Pods-lifter-checkManifestLockResult.txt",
			);
			runOnlyForDeploymentPostprocessing = 0;
			shellPath = /bin/sh;
			shellScript = "diff \"${PODS_PODFILE_DIR_PATH}/Podfile.lock\" \"${PODS_ROOT}/Manifest.lock\" > /dev/null\nif [ $? != 0 ] ; then\n    # print error to STDERR\n    echo \"error: The sandbox is not in sync with the Podfile.lock. Run 'pod install' or update your CocoaPods installation.\" >&2\n    exit 1\nfi\n# This output is used by Xcode 'outputs' to avoid re-running this script phase.\necho \"SUCCESS\" > \"${SCRIPT_OUTPUT_FILE_0}\"\n";
			showEnvVarsInLog = 0;
		};
		AF1E67DCFC086B610FC13331 /* [CP] Embed Pods Frameworks */ = {
			isa = PBXShellScriptBuildPhase;
			buildActionMask = 2147483647;
			files = (
			);
			inputFileListPaths = (
				"${PODS_ROOT}/Target Support Files/Pods-lifter/Pods-lifter-frameworks-${CONFIGURATION}-input-files.xcfilelist",
			);
			name = "[CP] Embed Pods Frameworks";
			outputFileListPaths = (
				"${PODS_ROOT}/Target Support Files/Pods-lifter/Pods-lifter-frameworks-${CONFIGURATION}-output-files.xcfilelist",
			);
			runOnlyForDeploymentPostprocessing = 0;
			shellPath = /bin/sh;
			shellScript = "\"${PODS_ROOT}/Target Support Files/Pods-lifter/Pods-lifter-frameworks.sh\"\n";
			showEnvVarsInLog = 0;
		};
		C3AC62DDA9558D7D7D6D0F69 /* [CP] Check Pods Manifest.lock */ = {
			isa = PBXShellScriptBuildPhase;
			buildActionMask = 2147483647;
			files = (
			);
			inputFileListPaths = (
			);
			inputPaths = (
				"${PODS_PODFILE_DIR_PATH}/Podfile.lock",
				"${PODS_ROOT}/Manifest.lock",
			);
			name = "[CP] Check Pods Manifest.lock";
			outputFileListPaths = (
			);
			outputPaths = (
				"$(DERIVED_FILE_DIR)/Pods-lifterUITests-checkManifestLockResult.txt",
			);
			runOnlyForDeploymentPostprocessing = 0;
			shellPath = /bin/sh;
			shellScript = "diff \"${PODS_PODFILE_DIR_PATH}/Podfile.lock\" \"${PODS_ROOT}/Manifest.lock\" > /dev/null\nif [ $? != 0 ] ; then\n    # print error to STDERR\n    echo \"error: The sandbox is not in sync with the Podfile.lock. Run 'pod install' or update your CocoaPods installation.\" >&2\n    exit 1\nfi\n# This output is used by Xcode 'outputs' to avoid re-running this script phase.\necho \"SUCCESS\" > \"${SCRIPT_OUTPUT_FILE_0}\"\n";
			showEnvVarsInLog = 0;
		};
/* End PBXShellScriptBuildPhase section */

/* Begin PBXSourcesBuildPhase section */
		A733840C217D48B300D4FC0D /* Sources */ = {
			isa = PBXSourcesBuildPhase;
			buildActionMask = 2147483647;
			files = (
				A71AAB662184C7A000BE8E06 /* setTableViewCell.swift in Sources */,
				A7D21C8A21E3E9F8008FED63 /* progressPredictor.mlmodel in Sources */,
				A7500C05234264EE0084C17C /* ExerciseHistoryTableViewCell.swift in Sources */,
				A733843D217D48FF00D4FC0D /* classes.swift in Sources */,
				A71AAB64217D582C00BE8E06 /* ExerciseViewController.swift in Sources */,
				A7FB399621C712550024314F /* HistoryViewController.swift in Sources */,
				A733843F217D4A5200D4FC0D /* ExerciseTableViewCell.swift in Sources */,
				A7338416217D48B300D4FC0D /* ListExercisesViewController.swift in Sources */,
				A7338414217D48B300D4FC0D /* AppDelegate.swift in Sources */,
				A71AAB62217D51E600BE8E06 /* NewExerciseViewController.swift in Sources */,
			);
			runOnlyForDeploymentPostprocessing = 0;
		};
		A7338420217D48B500D4FC0D /* Sources */ = {
			isa = PBXSourcesBuildPhase;
			buildActionMask = 2147483647;
			files = (
				A7338429217D48B500D4FC0D /* lifterUITests.swift in Sources */,
			);
			runOnlyForDeploymentPostprocessing = 0;
		};
/* End PBXSourcesBuildPhase section */

/* Begin PBXTargetDependency section */
		A7338426217D48B500D4FC0D /* PBXTargetDependency */ = {
			isa = PBXTargetDependency;
			target = A733840F217D48B300D4FC0D /* lifter */;
			targetProxy = A7338425217D48B500D4FC0D /* PBXContainerItemProxy */;
		};
/* End PBXTargetDependency section */

/* Begin PBXVariantGroup section */
		A7338417217D48B300D4FC0D /* Main.storyboard */ = {
			isa = PBXVariantGroup;
			children = (
				A7338418217D48B300D4FC0D /* Base */,
			);
			name = Main.storyboard;
			sourceTree = "<group>";
		};
		A733841C217D48B500D4FC0D /* LaunchScreen.storyboard */ = {
			isa = PBXVariantGroup;
			children = (
				A733841D217D48B500D4FC0D /* Base */,
			);
			name = LaunchScreen.storyboard;
			sourceTree = "<group>";
		};
/* End PBXVariantGroup section */

/* Begin XCBuildConfiguration section */
		A733842B217D48B500D4FC0D /* Debug */ = {
			isa = XCBuildConfiguration;
			buildSettings = {
				ALWAYS_SEARCH_USER_PATHS = NO;
				CLANG_ANALYZER_NONNULL = YES;
				CLANG_ANALYZER_NUMBER_OBJECT_CONVERSION = YES_AGGRESSIVE;
				CLANG_CXX_LANGUAGE_STANDARD = "gnu++14";
				CLANG_CXX_LIBRARY = "libc++";
				CLANG_ENABLE_MODULES = YES;
				CLANG_ENABLE_OBJC_ARC = YES;
				CLANG_ENABLE_OBJC_WEAK = YES;
				CLANG_WARN_BLOCK_CAPTURE_AUTORELEASING = YES;
				CLANG_WARN_BOOL_CONVERSION = YES;
				CLANG_WARN_COMMA = YES;
				CLANG_WARN_CONSTANT_CONVERSION = YES;
				CLANG_WARN_DEPRECATED_OBJC_IMPLEMENTATIONS = YES;
				CLANG_WARN_DIRECT_OBJC_ISA_USAGE = YES_ERROR;
				CLANG_WARN_DOCUMENTATION_COMMENTS = YES;
				CLANG_WARN_EMPTY_BODY = YES;
				CLANG_WARN_ENUM_CONVERSION = YES;
				CLANG_WARN_INFINITE_RECURSION = YES;
				CLANG_WARN_INT_CONVERSION = YES;
				CLANG_WARN_NON_LITERAL_NULL_CONVERSION = YES;
				CLANG_WARN_OBJC_IMPLICIT_RETAIN_SELF = YES;
				CLANG_WARN_OBJC_LITERAL_CONVERSION = YES;
				CLANG_WARN_OBJC_ROOT_CLASS = YES_ERROR;
				CLANG_WARN_RANGE_LOOP_ANALYSIS = YES;
				CLANG_WARN_STRICT_PROTOTYPES = YES;
				CLANG_WARN_SUSPICIOUS_MOVE = YES;
				CLANG_WARN_UNGUARDED_AVAILABILITY = YES_AGGRESSIVE;
				CLANG_WARN_UNREACHABLE_CODE = YES;
				CLANG_WARN__DUPLICATE_METHOD_MATCH = YES;
				CODE_SIGN_IDENTITY = "iPhone Developer";
				COPY_PHASE_STRIP = NO;
				DEBUG_INFORMATION_FORMAT = dwarf;
				ENABLE_STRICT_OBJC_MSGSEND = YES;
				ENABLE_TESTABILITY = YES;
				GCC_C_LANGUAGE_STANDARD = gnu11;
				GCC_DYNAMIC_NO_PIC = NO;
				GCC_NO_COMMON_BLOCKS = YES;
				GCC_OPTIMIZATION_LEVEL = 0;
				GCC_PREPROCESSOR_DEFINITIONS = (
					"DEBUG=1",
					"$(inherited)",
				);
				GCC_WARN_64_TO_32_BIT_CONVERSION = YES;
				GCC_WARN_ABOUT_RETURN_TYPE = YES_ERROR;
				GCC_WARN_UNDECLARED_SELECTOR = YES;
				GCC_WARN_UNINITIALIZED_AUTOS = YES_AGGRESSIVE;
				GCC_WARN_UNUSED_FUNCTION = YES;
				GCC_WARN_UNUSED_VARIABLE = YES;
				IPHONEOS_DEPLOYMENT_TARGET = 12.0;
				MTL_ENABLE_DEBUG_INFO = INCLUDE_SOURCE;
				MTL_FAST_MATH = YES;
				ONLY_ACTIVE_ARCH = YES;
				SDKROOT = iphoneos;
				SWIFT_ACTIVE_COMPILATION_CONDITIONS = DEBUG;
				SWIFT_OPTIMIZATION_LEVEL = "-Onone";
			};
			name = Debug;
		};
		A733842C217D48B500D4FC0D /* Release */ = {
			isa = XCBuildConfiguration;
			buildSettings = {
				ALWAYS_SEARCH_USER_PATHS = NO;
				CLANG_ANALYZER_NONNULL = YES;
				CLANG_ANALYZER_NUMBER_OBJECT_CONVERSION = YES_AGGRESSIVE;
				CLANG_CXX_LANGUAGE_STANDARD = "gnu++14";
				CLANG_CXX_LIBRARY = "libc++";
				CLANG_ENABLE_MODULES = YES;
				CLANG_ENABLE_OBJC_ARC = YES;
				CLANG_ENABLE_OBJC_WEAK = YES;
				CLANG_WARN_BLOCK_CAPTURE_AUTORELEASING = YES;
				CLANG_WARN_BOOL_CONVERSION = YES;
				CLANG_WARN_COMMA = YES;
				CLANG_WARN_CONSTANT_CONVERSION = YES;
				CLANG_WARN_DEPRECATED_OBJC_IMPLEMENTATIONS = YES;
				CLANG_WARN_DIRECT_OBJC_ISA_USAGE = YES_ERROR;
				CLANG_WARN_DOCUMENTATION_COMMENTS = YES;
				CLANG_WARN_EMPTY_BODY = YES;
				CLANG_WARN_ENUM_CONVERSION = YES;
				CLANG_WARN_INFINITE_RECURSION = YES;
				CLANG_WARN_INT_CONVERSION = YES;
				CLANG_WARN_NON_LITERAL_NULL_CONVERSION = YES;
				CLANG_WARN_OBJC_IMPLICIT_RETAIN_SELF = YES;
				CLANG_WARN_OBJC_LITERAL_CONVERSION = YES;
				CLANG_WARN_OBJC_ROOT_CLASS = YES_ERROR;
				CLANG_WARN_RANGE_LOOP_ANALYSIS = YES;
				CLANG_WARN_STRICT_PROTOTYPES = YES;
				CLANG_WARN_SUSPICIOUS_MOVE = YES;
				CLANG_WARN_UNGUARDED_AVAILABILITY = YES_AGGRESSIVE;
				CLANG_WARN_UNREACHABLE_CODE = YES;
				CLANG_WARN__DUPLICATE_METHOD_MATCH = YES;
				CODE_SIGN_IDENTITY = "iPhone Developer";
				COPY_PHASE_STRIP = NO;
				DEBUG_INFORMATION_FORMAT = "dwarf-with-dsym";
				ENABLE_NS_ASSERTIONS = NO;
				ENABLE_STRICT_OBJC_MSGSEND = YES;
				GCC_C_LANGUAGE_STANDARD = gnu11;
				GCC_NO_COMMON_BLOCKS = YES;
				GCC_WARN_64_TO_32_BIT_CONVERSION = YES;
				GCC_WARN_ABOUT_RETURN_TYPE = YES_ERROR;
				GCC_WARN_UNDECLARED_SELECTOR = YES;
				GCC_WARN_UNINITIALIZED_AUTOS = YES_AGGRESSIVE;
				GCC_WARN_UNUSED_FUNCTION = YES;
				GCC_WARN_UNUSED_VARIABLE = YES;
				IPHONEOS_DEPLOYMENT_TARGET = 12.0;
				MTL_ENABLE_DEBUG_INFO = NO;
				MTL_FAST_MATH = YES;
				SDKROOT = iphoneos;
				SWIFT_COMPILATION_MODE = wholemodule;
				SWIFT_OPTIMIZATION_LEVEL = "-O";
				VALIDATE_PRODUCT = YES;
			};
			name = Release;
		};
		A733842E217D48B500D4FC0D /* Debug */ = {
			isa = XCBuildConfiguration;
			baseConfigurationReference = F0E63FA3A7FE5E1CE704A96D /* Pods-lifter.debug.xcconfig */;
			buildSettings = {
				ASSETCATALOG_COMPILER_APPICON_NAME = AppIcon;
				CODE_SIGN_STYLE = Automatic;
				DEVELOPMENT_TEAM = T9G5R3A3MY;
				FRAMEWORK_SEARCH_PATHS = (
					"$(inherited)",
					"$(PROJECT_DIR)",
				);
				INFOPLIST_FILE = lifter/Info.plist;
				LD_RUNPATH_SEARCH_PATHS = (
					"$(inherited)",
					"@executable_path/Frameworks",
				);
				PRODUCT_BUNDLE_IDENTIFIER = eitank.lifter;
				PRODUCT_NAME = "$(TARGET_NAME)";
				SWIFT_VERSION = 4.2;
				TARGETED_DEVICE_FAMILY = "1,2";
			};
			name = Debug;
		};
		A733842F217D48B500D4FC0D /* Release */ = {
			isa = XCBuildConfiguration;
			baseConfigurationReference = C76510813BF9F89A7165ECED /* Pods-lifter.release.xcconfig */;
			buildSettings = {
				ASSETCATALOG_COMPILER_APPICON_NAME = AppIcon;
				CODE_SIGN_STYLE = Automatic;
				DEVELOPMENT_TEAM = T9G5R3A3MY;
				FRAMEWORK_SEARCH_PATHS = (
					"$(inherited)",
					"$(PROJECT_DIR)",
				);
				INFOPLIST_FILE = lifter/Info.plist;
				LD_RUNPATH_SEARCH_PATHS = (
					"$(inherited)",
					"@executable_path/Frameworks",
				);
				PRODUCT_BUNDLE_IDENTIFIER = eitank.lifter;
				PRODUCT_NAME = "$(TARGET_NAME)";
				SWIFT_VERSION = 4.2;
				TARGETED_DEVICE_FAMILY = "1,2";
			};
			name = Release;
		};
		A7338431217D48B500D4FC0D /* Debug */ = {
			isa = XCBuildConfiguration;
			baseConfigurationReference = 5AAB15946999EFAEA0F16FD6 /* Pods-lifterUITests.debug.xcconfig */;
			buildSettings = {
				ALWAYS_EMBED_SWIFT_STANDARD_LIBRARIES = YES;
				CODE_SIGN_STYLE = Automatic;
				DEVELOPMENT_TEAM = 6LJ5J5L465;
				INFOPLIST_FILE = lifterUITests/Info.plist;
				LD_RUNPATH_SEARCH_PATHS = (
					"$(inherited)",
					"@executable_path/Frameworks",
					"@loader_path/Frameworks",
				);
				PRODUCT_BUNDLE_IDENTIFIER = eitan.lifterUITests;
				PRODUCT_NAME = "$(TARGET_NAME)";
				SWIFT_VERSION = 4.2;
				TARGETED_DEVICE_FAMILY = "1,2";
				TEST_TARGET_NAME = lifter;
			};
			name = Debug;
		};
		A7338432217D48B500D4FC0D /* Release */ = {
			isa = XCBuildConfiguration;
			baseConfigurationReference = D5FA84F3EF402BF7DB07586D /* Pods-lifterUITests.release.xcconfig */;
			buildSettings = {
				ALWAYS_EMBED_SWIFT_STANDARD_LIBRARIES = YES;
				CODE_SIGN_STYLE = Automatic;
				DEVELOPMENT_TEAM = 6LJ5J5L465;
				INFOPLIST_FILE = lifterUITests/Info.plist;
				LD_RUNPATH_SEARCH_PATHS = (
					"$(inherited)",
					"@executable_path/Frameworks",
					"@loader_path/Frameworks",
				);
				PRODUCT_BUNDLE_IDENTIFIER = eitan.lifterUITests;
				PRODUCT_NAME = "$(TARGET_NAME)";
				SWIFT_VERSION = 4.2;
				TARGETED_DEVICE_FAMILY = "1,2";
				TEST_TARGET_NAME = lifter;
			};
			name = Release;
		};
/* End XCBuildConfiguration section */

/* Begin XCConfigurationList section */
		A733840B217D48B300D4FC0D /* Build configuration list for PBXProject "lifter" */ = {
			isa = XCConfigurationList;
			buildConfigurations = (
				A733842B217D48B500D4FC0D /* Debug */,
				A733842C217D48B500D4FC0D /* Release */,
			);
			defaultConfigurationIsVisible = 0;
			defaultConfigurationName = Release;
		};
		A733842D217D48B500D4FC0D /* Build configuration list for PBXNativeTarget "lifter" */ = {
			isa = XCConfigurationList;
			buildConfigurations = (
				A733842E217D48B500D4FC0D /* Debug */,
				A733842F217D48B500D4FC0D /* Release */,
			);
			defaultConfigurationIsVisible = 0;
			defaultConfigurationName = Release;
		};
		A7338430217D48B500D4FC0D /* Build configuration list for PBXNativeTarget "lifterUITests" */ = {
			isa = XCConfigurationList;
			buildConfigurations = (
				A7338431217D48B500D4FC0D /* Debug */,
				A7338432217D48B500D4FC0D /* Release */,
			);
			defaultConfigurationIsVisible = 0;
			defaultConfigurationName = Release;
		};
/* End XCConfigurationList section */
	};
	rootObject = A7338408217D48B300D4FC0D /* Project object */;
}
